// !$*UTF8*$!
{
	archiveVersion = 1;
	classes = {
	};
	objectVersion = 46;
	objects = {

/* Begin PBXBuildFile section */
		44693EA38C41E8BB4F66D30E /* libPods-GithubClient.a in Frameworks */ = {isa = PBXBuildFile; fileRef = 62EBA0293B89EA189049CA67 /* libPods-GithubClient.a */; };
		B9418D9A1E3CEAC700367BBC /* GHRepo.m in Sources */ = {isa = PBXBuildFile; fileRef = B9418D991E3CEAC700367BBC /* GHRepo.m */; };
		B9418D9D1E3CEC6E00367BBC /* GHResponseSerializer.m in Sources */ = {isa = PBXBuildFile; fileRef = B9418D9C1E3CEC6E00367BBC /* GHResponseSerializer.m */; };
		B9418DA01E3CFED000367BBC /* GHReposListViewController.m in Sources */ = {isa = PBXBuildFile; fileRef = B9418D9F1E3CFED000367BBC /* GHReposListViewController.m */; };
		B9418DA31E3D030400367BBC /* GHReposSearchViewController.m in Sources */ = {isa = PBXBuildFile; fileRef = B9418DA21E3D030400367BBC /* GHReposSearchViewController.m */; };
		B95E64741E3CC4660032A601 /* main.m in Sources */ = {isa = PBXBuildFile; fileRef = B95E64731E3CC4660032A601 /* main.m */; };
		B95E647F1E3CC4660032A601 /* Assets.xcassets in Resources */ = {isa = PBXBuildFile; fileRef = B95E647E1E3CC4660032A601 /* Assets.xcassets */; };
		B95E648C1E3CC7770032A601 /* GHLoginViewController.m in Sources */ = {isa = PBXBuildFile; fileRef = B95E648B1E3CC7770032A601 /* GHLoginViewController.m */; };
		B95E64911E3CC7ED0032A601 /* GHAppDelegate.m in Sources */ = {isa = PBXBuildFile; fileRef = B95E64901E3CC7ED0032A601 /* GHAppDelegate.m */; };
		B95E64971E3CCAD00032A601 /* LaunchScreen.storyboard in Resources */ = {isa = PBXBuildFile; fileRef = B95E64931E3CCAD00032A601 /* LaunchScreen.storyboard */; };
		B95E64981E3CCAD00032A601 /* Main.storyboard in Resources */ = {isa = PBXBuildFile; fileRef = B95E64951E3CCAD00032A601 /* Main.storyboard */; };
		B95E649B1E3CD2BC0032A601 /* GHNetworkManager.m in Sources */ = {isa = PBXBuildFile; fileRef = B95E649A1E3CD2BC0032A601 /* GHNetworkManager.m */; };
/* End PBXBuildFile section */

/* Begin PBXFileReference section */
		13CD8C512996EA40D23A10FA /* Pods-GithubClient.release.xcconfig */ = {isa = PBXFileReference; includeInIndex = 1; lastKnownFileType = text.xcconfig; name = "Pods-GithubClient.release.xcconfig"; path = "Pods/Target Support Files/Pods-GithubClient/Pods-GithubClient.release.xcconfig"; sourceTree = "<group>"; };
		62EBA0293B89EA189049CA67 /* libPods-GithubClient.a */ = {isa = PBXFileReference; explicitFileType = archive.ar; includeInIndex = 0; path = "libPods-GithubClient.a"; sourceTree = BUILT_PRODUCTS_DIR; };
		6DCBEFDCB86EB5E14BCF8FB7 /* Pods-GithubClient.debug.xcconfig */ = {isa = PBXFileReference; includeInIndex = 1; lastKnownFileType = text.xcconfig; name = "Pods-GithubClient.debug.xcconfig"; path = "Pods/Target Support Files/Pods-GithubClient/Pods-GithubClient.debug.xcconfig"; sourceTree = "<group>"; };
		B9418D981E3CEAC700367BBC /* GHRepo.h */ = {isa = PBXFileReference; fileEncoding = 4; lastKnownFileType = sourcecode.c.h; name = GHRepo.h; path = Model/GHRepo.h; sourceTree = "<group>"; };
		B9418D991E3CEAC700367BBC /* GHRepo.m */ = {isa = PBXFileReference; fileEncoding = 4; lastKnownFileType = sourcecode.c.objc; name = GHRepo.m; path = Model/GHRepo.m; sourceTree = "<group>"; };
		B9418D9B1E3CEC6E00367BBC /* GHResponseSerializer.h */ = {isa = PBXFileReference; fileEncoding = 4; lastKnownFileType = sourcecode.c.h; name = GHResponseSerializer.h; path = Model/GHResponseSerializer.h; sourceTree = "<group>"; };
		B9418D9C1E3CEC6E00367BBC /* GHResponseSerializer.m */ = {isa = PBXFileReference; fileEncoding = 4; lastKnownFileType = sourcecode.c.objc; name = GHResponseSerializer.m; path = Model/GHResponseSerializer.m; sourceTree = "<group>"; };
		B9418D9E1E3CFED000367BBC /* GHReposListViewController.h */ = {isa = PBXFileReference; fileEncoding = 4; lastKnownFileType = sourcecode.c.h; name = GHReposListViewController.h; path = Controllers/GHReposListViewController.h; sourceTree = "<group>"; };
		B9418D9F1E3CFED000367BBC /* GHReposListViewController.m */ = {isa = PBXFileReference; fileEncoding = 4; lastKnownFileType = sourcecode.c.objc; name = GHReposListViewController.m; path = Controllers/GHReposListViewController.m; sourceTree = "<group>"; };
		B9418DA11E3D030400367BBC /* GHReposSearchViewController.h */ = {isa = PBXFileReference; fileEncoding = 4; lastKnownFileType = sourcecode.c.h; name = GHReposSearchViewController.h; path = Controllers/GHReposSearchViewController.h; sourceTree = "<group>"; };
		B9418DA21E3D030400367BBC /* GHReposSearchViewController.m */ = {isa = PBXFileReference; fileEncoding = 4; lastKnownFileType = sourcecode.c.objc; name = GHReposSearchViewController.m; path = Controllers/GHReposSearchViewController.m; sourceTree = "<group>"; };
		B95E646F1E3CC4650032A601 /* GithubClient.app */ = {isa = PBXFileReference; explicitFileType = wrapper.application; includeInIndex = 0; path = GithubClient.app; sourceTree = BUILT_PRODUCTS_DIR; };
		B95E64731E3CC4660032A601 /* main.m */ = {isa = PBXFileReference; lastKnownFileType = sourcecode.c.objc; path = main.m; sourceTree = "<group>"; };
		B95E647E1E3CC4660032A601 /* Assets.xcassets */ = {isa = PBXFileReference; lastKnownFileType = folder.assetcatalog; path = Assets.xcassets; sourceTree = "<group>"; };
		B95E64831E3CC4660032A601 /* Info.plist */ = {isa = PBXFileReference; lastKnownFileType = text.plist.xml; path = Info.plist; sourceTree = "<group>"; };
		B95E648A1E3CC7770032A601 /* GHLoginViewController.h */ = {isa = PBXFileReference; fileEncoding = 4; lastKnownFileType = sourcecode.c.h; name = GHLoginViewController.h; path = Controllers/GHLoginViewController.h; sourceTree = "<group>"; };
		B95E648B1E3CC7770032A601 /* GHLoginViewController.m */ = {isa = PBXFileReference; fileEncoding = 4; lastKnownFileType = sourcecode.c.objc; name = GHLoginViewController.m; path = Controllers/GHLoginViewController.m; sourceTree = "<group>"; };
		B95E648F1E3CC7ED0032A601 /* GHAppDelegate.h */ = {isa = PBXFileReference; fileEncoding = 4; lastKnownFileType = sourcecode.c.h; name = GHAppDelegate.h; path = Support/GHAppDelegate.h; sourceTree = "<group>"; };
		B95E64901E3CC7ED0032A601 /* GHAppDelegate.m */ = {isa = PBXFileReference; fileEncoding = 4; lastKnownFileType = sourcecode.c.objc; name = GHAppDelegate.m; path = Support/GHAppDelegate.m; sourceTree = "<group>"; };
		B95E64941E3CCAD00032A601 /* Base */ = {isa = PBXFileReference; lastKnownFileType = file.storyboard; name = Base; path = UI/Base.lproj/LaunchScreen.storyboard; sourceTree = "<group>"; };
		B95E64961E3CCAD00032A601 /* Base */ = {isa = PBXFileReference; lastKnownFileType = file.storyboard; name = Base; path = UI/Base.lproj/Main.storyboard; sourceTree = "<group>"; };
		B95E64991E3CD2BC0032A601 /* GHNetworkManager.h */ = {isa = PBXFileReference; fileEncoding = 4; lastKnownFileType = sourcecode.c.h; name = GHNetworkManager.h; path = Model/GHNetworkManager.h; sourceTree = "<group>"; };
		B95E649A1E3CD2BC0032A601 /* GHNetworkManager.m */ = {isa = PBXFileReference; fileEncoding = 4; lastKnownFileType = sourcecode.c.objc; name = GHNetworkManager.m; path = Model/GHNetworkManager.m; sourceTree = "<group>"; };
/* End PBXFileReference section */

/* Begin PBXFrameworksBuildPhase section */
		B95E646C1E3CC4650032A601 /* Frameworks */ = {
			isa = PBXFrameworksBuildPhase;
			buildActionMask = 2147483647;
			files = (
				44693EA38C41E8BB4F66D30E /* libPods-GithubClient.a in Frameworks */,
			);
			runOnlyForDeploymentPostprocessing = 0;
		};
/* End PBXFrameworksBuildPhase section */

/* Begin PBXGroup section */
		361213F5E93130717BA8FE5D /* Frameworks */ = {
			isa = PBXGroup;
			children = (
				62EBA0293B89EA189049CA67 /* libPods-GithubClient.a */,
			);
			name = Frameworks;
			sourceTree = "<group>";
		};
		4128B360CE2FF1FE5F1BE1BA /* Pods */ = {
			isa = PBXGroup;
			children = (
				6DCBEFDCB86EB5E14BCF8FB7 /* Pods-GithubClient.debug.xcconfig */,
				13CD8C512996EA40D23A10FA /* Pods-GithubClient.release.xcconfig */,
			);
			name = Pods;
			sourceTree = "<group>";
		};
		B95E64661E3CC4650032A601 = {
			isa = PBXGroup;
			children = (
				B95E64711E3CC4650032A601 /* GithubClient */,
				B95E64701E3CC4650032A601 /* Products */,
				4128B360CE2FF1FE5F1BE1BA /* Pods */,
				361213F5E93130717BA8FE5D /* Frameworks */,
			);
			sourceTree = "<group>";
		};
		B95E64701E3CC4650032A601 /* Products */ = {
			isa = PBXGroup;
			children = (
				B95E646F1E3CC4650032A601 /* GithubClient.app */,
			);
			name = Products;
			sourceTree = "<group>";
		};
		B95E64711E3CC4650032A601 /* GithubClient */ = {
			isa = PBXGroup;
			children = (
				B95E64921E3CCAB60032A601 /* UI */,
				B95E64891E3CC7300032A601 /* Controllers */,
				B95E648D1E3CC7AC0032A601 /* Model */,
				B95E648E1E3CC7C60032A601 /* Support */,
				B95E647E1E3CC4660032A601 /* Assets.xcassets */,
				B95E64831E3CC4660032A601 /* Info.plist */,
				B95E64721E3CC4650032A601 /* Supporting Files */,
			);
			path = GithubClient;
			sourceTree = "<group>";
		};
		B95E64721E3CC4650032A601 /* Supporting Files */ = {
			isa = PBXGroup;
			children = (
				B95E64731E3CC4660032A601 /* main.m */,
			);
			name = "Supporting Files";
			sourceTree = "<group>";
		};
		B95E64891E3CC7300032A601 /* Controllers */ = {
			isa = PBXGroup;
			children = (
				B95E648A1E3CC7770032A601 /* GHLoginViewController.h */,
				B95E648B1E3CC7770032A601 /* GHLoginViewController.m */,
				B9418D9E1E3CFED000367BBC /* GHReposListViewController.h */,
				B9418D9F1E3CFED000367BBC /* GHReposListViewController.m */,
				B9418DA11E3D030400367BBC /* GHReposSearchViewController.h */,
				B9418DA21E3D030400367BBC /* GHReposSearchViewController.m */,
			);
			name = Controllers;
			sourceTree = "<group>";
		};
		B95E648D1E3CC7AC0032A601 /* Model */ = {
			isa = PBXGroup;
			children = (
				B95E64991E3CD2BC0032A601 /* GHNetworkManager.h */,
				B95E649A1E3CD2BC0032A601 /* GHNetworkManager.m */,
				B9418D981E3CEAC700367BBC /* GHRepo.h */,
				B9418D991E3CEAC700367BBC /* GHRepo.m */,
				B9418D9B1E3CEC6E00367BBC /* GHResponseSerializer.h */,
				B9418D9C1E3CEC6E00367BBC /* GHResponseSerializer.m */,
			);
			name = Model;
			sourceTree = "<group>";
		};
		B95E648E1E3CC7C60032A601 /* Support */ = {
			isa = PBXGroup;
			children = (
				B95E648F1E3CC7ED0032A601 /* GHAppDelegate.h */,
				B95E64901E3CC7ED0032A601 /* GHAppDelegate.m */,
			);
			name = Support;
			sourceTree = "<group>";
		};
		B95E64921E3CCAB60032A601 /* UI */ = {
			isa = PBXGroup;
			children = (
				B95E64931E3CCAD00032A601 /* LaunchScreen.storyboard */,
				B95E64951E3CCAD00032A601 /* Main.storyboard */,
			);
			name = UI;
			sourceTree = "<group>";
		};
/* End PBXGroup section */

/* Begin PBXNativeTarget section */
		B95E646E1E3CC4650032A601 /* GithubClient */ = {
			isa = PBXNativeTarget;
			buildConfigurationList = B95E64861E3CC4660032A601 /* Build configuration list for PBXNativeTarget "GithubClient" */;
			buildPhases = (
				C2E29E6EBA52F675D95B9F61 /* [CP] Check Pods Manifest.lock */,
				B95E646B1E3CC4650032A601 /* Sources */,
				B95E646C1E3CC4650032A601 /* Frameworks */,
				B95E646D1E3CC4650032A601 /* Resources */,
				BC550E304E80674155A54106 /* [CP] Embed Pods Frameworks */,
				898DCD1B76C6E9AFA1249E2E /* [CP] Copy Pods Resources */,
			);
			buildRules = (
			);
			dependencies = (
			);
			name = GithubClient;
			productName = GithubClient;
			productReference = B95E646F1E3CC4650032A601 /* GithubClient.app */;
			productType = "com.apple.product-type.application";
		};
/* End PBXNativeTarget section */

/* Begin PBXProject section */
		B95E64671E3CC4650032A601 /* Project object */ = {
			isa = PBXProject;
			attributes = {
				LastUpgradeCheck = 0800;
				ORGANIZATIONNAME = "Kasianenko Boris";
				TargetAttributes = {
					B95E646E1E3CC4650032A601 = {
						CreatedOnToolsVersion = 8.0;
						DevelopmentTeam = 873EA38L7R;
						ProvisioningStyle = Automatic;
					};
				};
			};
			buildConfigurationList = B95E646A1E3CC4650032A601 /* Build configuration list for PBXProject "GithubClient" */;
			compatibilityVersion = "Xcode 3.2";
			developmentRegion = English;
			hasScannedForEncodings = 0;
			knownRegions = (
				en,
				Base,
			);
			mainGroup = B95E64661E3CC4650032A601;
			productRefGroup = B95E64701E3CC4650032A601 /* Products */;
			projectDirPath = "";
			projectRoot = "";
			targets = (
				B95E646E1E3CC4650032A601 /* GithubClient */,
			);
		};
/* End PBXProject section */

/* Begin PBXResourcesBuildPhase section */
		B95E646D1E3CC4650032A601 /* Resources */ = {
			isa = PBXResourcesBuildPhase;
			buildActionMask = 2147483647;
			files = (
				B95E64981E3CCAD00032A601 /* Main.storyboard in Resources */,
				B95E647F1E3CC4660032A601 /* Assets.xcassets in Resources */,
				B95E64971E3CCAD00032A601 /* LaunchScreen.storyboard in Resources */,
			);
			runOnlyForDeploymentPostprocessing = 0;
		};
/* End PBXResourcesBuildPhase section */

/* Begin PBXShellScriptBuildPhase section */
		898DCD1B76C6E9AFA1249E2E /* [CP] Copy Pods Resources */ = {
			isa = PBXShellScriptBuildPhase;
			buildActionMask = 2147483647;
			files = (
			);
			inputPaths = (
			);
			name = "[CP] Copy Pods Resources";
			outputPaths = (
			);
			runOnlyForDeploymentPostprocessing = 0;
			shellPath = /bin/sh;
			shellScript = "\"${SRCROOT}/Pods/Target Support Files/Pods-GithubClient/Pods-GithubClient-resources.sh\"\n";
			showEnvVarsInLog = 0;
		};
		BC550E304E80674155A54106 /* [CP] Embed Pods Frameworks */ = {
			isa = PBXShellScriptBuildPhase;
			buildActionMask = 2147483647;
			files = (
			);
			inputPaths = (
			);
			name = "[CP] Embed Pods Frameworks";
			outputPaths = (
			);
			runOnlyForDeploymentPostprocessing = 0;
			shellPath = /bin/sh;
			shellScript = "\"${SRCROOT}/Pods/Target Support Files/Pods-GithubClient/Pods-GithubClient-frameworks.sh\"\n";
			showEnvVarsInLog = 0;
		};
		C2E29E6EBA52F675D95B9F61 /* [CP] Check Pods Manifest.lock */ = {
			isa = PBXShellScriptBuildPhase;
			buildActionMask = 2147483647;
			files = (
			);
			inputPaths = (
			);
			name = "[CP] Check Pods Manifest.lock";
			outputPaths = (
			);
			runOnlyForDeploymentPostprocessing = 0;
			shellPath = /bin/sh;
			shellScript = "diff \"${PODS_ROOT}/../Podfile.lock\" \"${PODS_ROOT}/Manifest.lock\" > /dev/null\nif [[ $? != 0 ]] ; then\n    cat << EOM\nerror: The sandbox is not in sync with the Podfile.lock. Run 'pod install' or update your CocoaPods installation.\nEOM\n    exit 1\nfi\n";
			showEnvVarsInLog = 0;
		};
/* End PBXShellScriptBuildPhase section */

/* Begin PBXSourcesBuildPhase section */
		B95E646B1E3CC4650032A601 /* Sources */ = {
			isa = PBXSourcesBuildPhase;
			buildActionMask = 2147483647;
			files = (
				B95E648C1E3CC7770032A601 /* GHLoginViewController.m in Sources */,
				B9418D9A1E3CEAC700367BBC /* GHRepo.m in Sources */,
				B95E649B1E3CD2BC0032A601 /* GHNetworkManager.m in Sources */,
				B9418DA01E3CFED000367BBC /* GHReposListViewController.m in Sources */,
				B95E64741E3CC4660032A601 /* main.m in Sources */,
				B9418DA31E3D030400367BBC /* GHReposSearchViewController.m in Sources */,
				B95E64911E3CC7ED0032A601 /* GHAppDelegate.m in Sources */,
				B9418D9D1E3CEC6E00367BBC /* GHResponseSerializer.m in Sources */,
			);
			runOnlyForDeploymentPostprocessing = 0;
		};
/* End PBXSourcesBuildPhase section */

/* Begin PBXVariantGroup section */
		B95E64931E3CCAD00032A601 /* LaunchScreen.storyboard */ = {
			isa = PBXVariantGroup;
			children = (
				B95E64941E3CCAD00032A601 /* Base */,
			);
			name = LaunchScreen.storyboard;
			sourceTree = "<group>";
		};
		B95E64951E3CCAD00032A601 /* Main.storyboard */ = {
			isa = PBXVariantGroup;
			children = (
				B95E64961E3CCAD00032A601 /* Base */,
			);
			name = Main.storyboard;
			sourceTree = "<group>";
		};
/* End PBXVariantGroup section */

/* Begin XCBuildConfiguration section */
		B95E64841E3CC4660032A601 /* Debug */ = {
			isa = XCBuildConfiguration;
			buildSettings = {
				ALWAYS_SEARCH_USER_PATHS = NO;
				CLANG_ANALYZER_NONNULL = YES;
				CLANG_CXX_LANGUAGE_STANDARD = "gnu++0x";
				CLANG_CXX_LIBRARY = "libc++";
				CLANG_ENABLE_MODULES = YES;
				CLANG_ENABLE_OBJC_ARC = YES;
				CLANG_WARN_BOOL_CONVERSION = YES;
				CLANG_WARN_CONSTANT_CONVERSION = YES;
				CLANG_WARN_DIRECT_OBJC_ISA_USAGE = YES_ERROR;
				CLANG_WARN_DOCUMENTATION_COMMENTS = YES;
				CLANG_WARN_EMPTY_BODY = YES;
				CLANG_WARN_ENUM_CONVERSION = YES;
				CLANG_WARN_INFINITE_RECURSION = YES;
				CLANG_WARN_INT_CONVERSION = YES;
				CLANG_WARN_OBJC_ROOT_CLASS = YES_ERROR;
				CLANG_WARN_SUSPICIOUS_MOVES = YES;
				CLANG_WARN_UNREACHABLE_CODE = YES;
				CLANG_WARN__DUPLICATE_METHOD_MATCH = YES;
				"CODE_SIGN_IDENTITY[sdk=iphoneos*]" = "iPhone Developer";
				COPY_PHASE_STRIP = NO;
				DEBUG_INFORMATION_FORMAT = dwarf;
				ENABLE_STRICT_OBJC_MSGSEND = YES;
				ENABLE_TESTABILITY = YES;
				GCC_C_LANGUAGE_STANDARD = gnu99;
				GCC_DYNAMIC_NO_PIC = NO;
				GCC_NO_COMMON_BLOCKS = YES;
				GCC_OPTIMIZATION_LEVEL = 0;
				GCC_PREPROCESSOR_DEFINITIONS = (
					"DEBUG=1",
					"$(inherited)",
				);
				GCC_WARN_64_TO_32_BIT_CONVERSION = YES;
				GCC_WARN_ABOUT_RETURN_TYPE = YES_ERROR;
				GCC_WARN_UNDECLARED_SELECTOR = YES;
				GCC_WARN_UNINITIALIZED_AUTOS = YES_AGGRESSIVE;
				GCC_WARN_UNUSED_FUNCTION = YES;
				GCC_WARN_UNUSED_VARIABLE = YES;
				IPHONEOS_DEPLOYMENT_TARGET = 10.0;
				MTL_ENABLE_DEBUG_INFO = YES;
				ONLY_ACTIVE_ARCH = YES;
				SDKROOT = iphoneos;
			};
			name = Debug;
		};
		B95E64851E3CC4660032A601 /* Release */ = {
			isa = XCBuildConfiguration;
			buildSettings = {
				ALWAYS_SEARCH_USER_PATHS = NO;
				CLANG_ANALYZER_NONNULL = YES;
				CLANG_CXX_LANGUAGE_STANDARD = "gnu++0x";
				CLANG_CXX_LIBRARY = "libc++";
				CLANG_ENABLE_MODULES = YES;
				CLANG_ENABLE_OBJC_ARC = YES;
				CLANG_WARN_BOOL_CONVERSION = YES;
				CLANG_WARN_CONSTANT_CONVERSION = YES;
				CLANG_WARN_DIRECT_OBJC_ISA_USAGE = YES_ERROR;
				CLANG_WARN_DOCUMENTATION_COMMENTS = YES;
				CLANG_WARN_EMPTY_BODY = YES;
				CLANG_WARN_ENUM_CONVERSION = YES;
				CLANG_WARN_INFINITE_RECURSION = YES;
				CLANG_WARN_INT_CONVERSION = YES;
				CLANG_WARN_OBJC_ROOT_CLASS = YES_ERROR;
				CLANG_WARN_SUSPICIOUS_MOVES = YES;
				CLANG_WARN_UNREACHABLE_CODE = YES;
				CLANG_WARN__DUPLICATE_METHOD_MATCH = YES;
				"CODE_SIGN_IDENTITY[sdk=iphoneos*]" = "iPhone Developer";
				COPY_PHASE_STRIP = NO;
				DEBUG_INFORMATION_FORMAT = "dwarf-with-dsym";
				ENABLE_NS_ASSERTIONS = NO;
				ENABLE_STRICT_OBJC_MSGSEND = YES;
				GCC_C_LANGUAGE_STANDARD = gnu99;
				GCC_NO_COMMON_BLOCKS = YES;
				GCC_WARN_64_TO_32_BIT_CONVERSION = YES;
				GCC_WARN_ABOUT_RETURN_TYPE = YES_ERROR;
				GCC_WARN_UNDECLARED_SELECTOR = YES;
				GCC_WARN_UNINITIALIZED_AUTOS = YES_AGGRESSIVE;
				GCC_WARN_UNUSED_FUNCTION = YES;
				GCC_WARN_UNUSED_VARIABLE = YES;
				IPHONEOS_DEPLOYMENT_TARGET = 10.0;
				MTL_ENABLE_DEBUG_INFO = NO;
				SDKROOT = iphoneos;
				VALIDATE_PRODUCT = YES;
			};
			name = Release;
		};
		B95E64871E3CC4660032A601 /* Debug */ = {
			isa = XCBuildConfiguration;
			baseConfigurationReference = 6DCBEFDCB86EB5E14BCF8FB7 /* Pods-GithubClient.debug.xcconfig */;
			buildSettings = {
				ASSETCATALOG_COMPILER_APPICON_NAME = AppIcon;
				DEVELOPMENT_TEAM = 873EA38L7R;
				INFOPLIST_FILE = GithubClient/Info.plist;
				LD_RUNPATH_SEARCH_PATHS = "$(inherited) @executable_path/Frameworks";
				PRODUCT_BUNDLE_IDENTIFIER = org.highwind.GithubClient;
				PRODUCT_NAME = "$(TARGET_NAME)";
			};
			name = Debug;
		};
		B95E64881E3CC4660032A601 /* Release */ = {
			isa = XCBuildConfiguration;
			baseConfigurationReference = 13CD8C512996EA40D23A10FA /* Pods-GithubClient.release.xcconfig */;
			buildSettings = {
				ASSETCATALOG_COMPILER_APPICON_NAME = AppIcon;
				DEVELOPMENT_TEAM = 873EA38L7R;
				INFOPLIST_FILE = GithubClient/Info.plist;
				LD_RUNPATH_SEARCH_PATHS = "$(inherited) @executable_path/Frameworks";
				PRODUCT_BUNDLE_IDENTIFIER = org.highwind.GithubClient;
				PRODUCT_NAME = "$(TARGET_NAME)";
			};
			name = Release;
		};
/* End XCBuildConfiguration section */

/* Begin XCConfigurationList section */
		B95E646A1E3CC4650032A601 /* Build configuration list for PBXProject "GithubClient" */ = {
			isa = XCConfigurationList;
			buildConfigurations = (
				B95E64841E3CC4660032A601 /* Debug */,
				B95E64851E3CC4660032A601 /* Release */,
			);
			defaultConfigurationIsVisible = 0;
			defaultConfigurationName = Release;
		};
		B95E64861E3CC4660032A601 /* Build configuration list for PBXNativeTarget "GithubClient" */ = {
			isa = XCConfigurationList;
			buildConfigurations = (
				B95E64871E3CC4660032A601 /* Debug */,
				B95E64881E3CC4660032A601 /* Release */,
			);
			defaultConfigurationIsVisible = 0;
			defaultConfigurationName = Release;
		};
/* End XCConfigurationList section */
	};
	rootObject = B95E64671E3CC4650032A601 /* Project object */;
}
